<?xml version="1.0" encoding="utf-8"?>
<Project ToolsVersion="4.0" xmlns="http://schemas.microsoft.com/developer/msbuild/2003">
  <ItemGroup>
    <ClCompile Include="imgui\CGUIResource.cpp" />
    <ClCompile Include="imgui\CHexViewer.cpp" />
    <ClCompile Include="imgui\CMazViewer.cpp" />
    <ClCompile Include="imgui\CShapeViewer.cpp" />
    <ClCompile Include="imgui\ImGuiManager.cpp" />
    <ClCompile Include="imgui\ImGuiWindow.cpp" />
    <ClCompile Include="SmitED.cpp" />
    <ClCompile Include="..\External\imgui\imgui.cpp">
      <Filter>ImGUI</Filter>
    </ClCompile>
    <ClCompile Include="..\External\imgui\imgui_draw.cpp">
      <Filter>ImGUI</Filter>
    </ClCompile>
    <ClCompile Include="..\External\imgui\imgui_tables.cpp">
      <Filter>ImGUI</Filter>
    </ClCompile>
    <ClCompile Include="..\External\imgui\imgui_widgets.cpp">
      <Filter>ImGUI</Filter>
    </ClCompile>
    <ClCompile Include="..\External\imgui\backends\imgui_impl_opengl3.cpp">
      <Filter>ImGUI</Filter>
    </ClCompile>
    <ClCompile Include="..\External\imgui\backends\imgui_impl_glfw.cpp">
      <Filter>ImGUI</Filter>
    </ClCompile>
    <ClCompile Include="..\sGFX.cpp">
      <Filter>libSmite</Filter>
    </ClCompile>
  </ItemGroup>
  <ItemGroup>
    <ClInclude Include="imgui\CGUIResource.h" />
    <ClInclude Include="imgui\CHexViewer.h" />
    <ClInclude Include="imgui\CMazViewer.h" />
    <ClInclude Include="imgui\CShapeViewer.h" />
    <ClInclude Include="imgui\ImGuiManager.h" />
    <ClInclude Include="imgui\ImGuiWindow.h" />
    <ClInclude Include="imgui\portable-file-dialogs.h" />
    <ClInclude Include="..\External\imgui\imconfig.h">
      <Filter>ImGUI</Filter>
    </ClInclude>
    <ClInclude Include="..\External\imgui\imgui.h">
      <Filter>ImGUI</Filter>
    </ClInclude>
    <ClInclude Include="..\External\imgui\imgui_internal.h">
      <Filter>ImGUI</Filter>
    </ClInclude>
    <ClInclude Include="..\External\imgui\imstb_rectpack.h">
      <Filter>ImGUI</Filter>
    </ClInclude>
    <ClInclude Include="..\External\imgui\imstb_textedit.h">
      <Filter>ImGUI</Filter>
    </ClInclude>
    <ClInclude Include="..\External\imgui\imstb_truetype.h">
      <Filter>ImGUI</Filter>
    </ClInclude>
    <ClInclude Include="..\External\imgui\backends\imgui_impl_opengl3.h">
      <Filter>ImGUI</Filter>
    </ClInclude>
    <ClInclude Include="..\External\imgui\backends\imgui_impl_opengl3_loader.h">
      <Filter>ImGUI</Filter>
    </ClInclude>
    <ClInclude Include="..\External\imgui\backends\imgui_impl_glfw.h">
      <Filter>ImGUI</Filter>
    </ClInclude>
    <ClInclude Include="..\sGFX.h">
      <Filter>libSmite</Filter>
    </ClInclude>
    <ClInclude Include="..\common.h">
      <Filter>libSmite</Filter>
    </ClInclude>
  </ItemGroup>
  <ItemGroup>
    <Filter Include="windows">
      <UniqueIdentifier>{3bdaa161-4342-45ef-85cf-b66aabc9fad5}</UniqueIdentifier>
    </Filter>
    <Filter Include="ImGUI">
      <UniqueIdentifier>{b0023d06-6ad9-4700-a378-345a1fbca7a7}</UniqueIdentifier>
    </Filter>
    <Filter Include="libSmite">
      <UniqueIdentifier>{d74b2a68-5741-47bd-aac8-d4b10eebb82d}</UniqueIdentifier>
    </Filter>
  </ItemGroup>
</Project>