<?xml version="1.0" encoding="utf-8"?>
<Project ToolsVersion="4.0" xmlns="http://schemas.microsoft.com/developer/msbuild/2003">
  <ItemGroup>
    <ClCompile Include="SmitED.cpp" />
    <ClCompile Include="..\External\imgui\imgui.cpp">
      <Filter>ImGUI</Filter>
    </ClCompile>
    <ClCompile Include="..\External\imgui\imgui_draw.cpp">
      <Filter>ImGUI</Filter>
    </ClCompile>
    <ClCompile Include="..\External\imgui\imgui_tables.cpp">
      <Filter>ImGUI</Filter>
    </ClCompile>
    <ClCompile Include="..\External\imgui\imgui_widgets.cpp">
      <Filter>ImGUI</Filter>
    </ClCompile>
    <ClCompile Include="..\External\imgui\backends\imgui_impl_opengl3.cpp">
      <Filter>ImGUI</Filter>
    </ClCompile>
    <ClCompile Include="..\External\imgui\backends\imgui_impl_glfw.cpp">
      <Filter>ImGUI</Filter>
    </ClCompile>
    <ClCompile Include="imgui\CGUIResource.cpp">
      <Filter>windows</Filter>
    </ClCompile>
    <ClCompile Include="imgui\CHexViewer.cpp">
      <Filter>windows</Filter>
    </ClCompile>
    <ClCompile Include="imgui\CMazViewer.cpp">
      <Filter>windows</Filter>
    </ClCompile>
    <ClCompile Include="imgui\CShapeViewer.cpp">
      <Filter>windows</Filter>
    </ClCompile>
    <ClCompile Include="imgui\CWallViewer.cpp">
      <Filter>windows</Filter>
    </ClCompile>
    <ClCompile Include="imgui\ImGuiManager.cpp">
      <Filter>windows</Filter>
    </ClCompile>
    <ClCompile Include="imgui\ImGuiWindow.cpp">
      <Filter>windows</Filter>
    </ClCompile>
    <ClCompile Include="..\libSmite\IScriptCommand.cpp">
      <Filter>libSmite</Filter>
    </ClCompile>
    <ClCompile Include="..\libSmite\typeDefs.cpp">
      <Filter>libSmite</Filter>
    </ClCompile>
    <ClCompile Include="..\libSmite\BlitzShape.cpp">
      <Filter>libSmite</Filter>
    </ClCompile>
    <ClCompile Include="..\libSmite\common.cpp" />
    <ClCompile Include="imgui\TextEditor.cpp">
      <Filter>windows</Filter>
    </ClCompile>
  </ItemGroup>
  <ItemGroup>
    <ClInclude Include="..\External\imgui\imconfig.h">
      <Filter>ImGUI</Filter>
    </ClInclude>
    <ClInclude Include="..\External\imgui\imgui.h">
      <Filter>ImGUI</Filter>
    </ClInclude>
    <ClInclude Include="..\External\imgui\imgui_internal.h">
      <Filter>ImGUI</Filter>
    </ClInclude>
    <ClInclude Include="..\External\imgui\imstb_rectpack.h">
      <Filter>ImGUI</Filter>
    </ClInclude>
    <ClInclude Include="..\External\imgui\imstb_textedit.h">
      <Filter>ImGUI</Filter>
    </ClInclude>
    <ClInclude Include="..\External\imgui\imstb_truetype.h">
      <Filter>ImGUI</Filter>
    </ClInclude>
    <ClInclude Include="..\External\imgui\backends\imgui_impl_opengl3.h">
      <Filter>ImGUI</Filter>
    </ClInclude>
    <ClInclude Include="..\External\imgui\backends\imgui_impl_opengl3_loader.h">
      <Filter>ImGUI</Filter>
    </ClInclude>
    <ClInclude Include="..\External\imgui\backends\imgui_impl_glfw.h">
      <Filter>ImGUI</Filter>
    </ClInclude>
    <ClInclude Include="imgui\CGUIResource.h">
      <Filter>windows</Filter>
    </ClInclude>
    <ClInclude Include="imgui\CHexViewer.h">
      <Filter>windows</Filter>
    </ClInclude>
    <ClInclude Include="imgui\CMazViewer.h">
      <Filter>windows</Filter>
    </ClInclude>
    <ClInclude Include="imgui\CShapeViewer.h">
      <Filter>windows</Filter>
    </ClInclude>
    <ClInclude Include="imgui\CWallViewer.h">
      <Filter>windows</Filter>
    </ClInclude>
    <ClInclude Include="imgui\ImGuiManager.h">
      <Filter>windows</Filter>
    </ClInclude>
    <ClInclude Include="imgui\ImGuiWindow.h">
      <Filter>windows</Filter>
    </ClInclude>
    <ClInclude Include="imgui\portable-file-dialogs.h">
      <Filter>windows</Filter>
    </ClInclude>
    <ClInclude Include="..\libSmite\common.h">
      <Filter>libSmite</Filter>
    </ClInclude>
    <ClInclude Include="..\libSmite\IScriptCommand.h">
      <Filter>libSmite</Filter>
    </ClInclude>
    <ClInclude Include="..\libSmite\typeDefs.h">
      <Filter>libSmite</Filter>
    </ClInclude>
    <ClInclude Include="..\libSmite\BlitzShape.h">
      <Filter>libSmite</Filter>
    </ClInclude>
    <ClInclude Include="imgui\TextEditor.h">
      <Filter>windows</Filter>
    </ClInclude>
  </ItemGroup>
  <ItemGroup>
    <Filter Include="windows">
      <UniqueIdentifier>{3bdaa161-4342-45ef-85cf-b66aabc9fad5}</UniqueIdentifier>
    </Filter>
    <Filter Include="ImGUI">
      <UniqueIdentifier>{b0023d06-6ad9-4700-a378-345a1fbca7a7}</UniqueIdentifier>
    </Filter>
    <Filter Include="libSmite">
      <UniqueIdentifier>{d74b2a68-5741-47bd-aac8-d4b10eebb82d}</UniqueIdentifier>
    </Filter>
  </ItemGroup>
</Project>